
Microsoft Visual Studio Solution File, Format Version 12.00
# Visual Studio Version 17
VisualStudioVersion = 17.6.33417.168
MinimumVisualStudioVersion = 10.0.40219.1
Project("{FAE04EC0-301F-11D3-BF4B-00C04F79EFBC}") = "ImageHandlerEXIFWPF", "ImageHandlerEXIFWPF.csproj", "{BBED49AB-DC78-4D1F-B578-860DD9A77514}"
EndProject
Global
	GlobalSection(SolutionConfigurationPlatforms) = preSolution
		Debug|Any CPU = Debug|Any CPU
		Release|Any CPU = Release|Any CPU
	EndGlobalSection
	GlobalSection(ProjectConfigurationPlatforms) = postSolution
		{BBED49AB-DC78-4D1F-B578-860DD9A77514}.Debug|Any CPU.ActiveCfg = Debug|Any CPU
		{BBED49AB-DC78-4D1F-B578-860DD9A77514}.Debug|Any CPU.Build.0 = Debug|Any CPU
		{BBED49AB-DC78-4D1F-B578-860DD9A77514}.Release|Any CPU.ActiveCfg = Release|Any CPU
		{BBED49AB-DC78-4D1F-B578-860DD9A77514}.Release|Any CPU.Build.0 = Release|Any CPU
	EndGlobalSection
	GlobalSection(SolutionProperties) = preSolution
		HideSolutionNode = FALSE
	EndGlobalSection
	GlobalSection(ExtensibilityGlobals) = postSolution
		SolutionGuid = {6793A59B-65C8-458B-A128-2EC42826D263}
	EndGlobalSection
EndGlobal
